
Microsoft Visual Studio Solution File, Format Version 12.00
# Visual Studio 2013
VisualStudioVersion = 12.0.31101.0
MinimumVisualStudioVersion = 10.0.40219.1
Project("{2150E333-8FDC-42A3-9474-1A3956D46DE8}") = "WPF", "WPF", "{57062071-00FF-4D68-9C69-374394A6D3FB}"
EndProject
Project("{2150E333-8FDC-42A3-9474-1A3956D46DE8}") = "HTML-CSS", "HTML-CSS", "{55859595-1506-4DF4-BA4E-CD474F213DB8}"
EndProject
Project("{2150E333-8FDC-42A3-9474-1A3956D46DE8}") = "CSharpFundamentals", "CSharpFundamentals", "{44A0AA5A-6047-48E5-9F38-E28EAEFB166D}"
EndProject
Project("{FAE04EC0-301F-11D3-BF4B-00C04F79EFBC}") = "CSharpPFCursus", "CsharpFundamentals\CSharpPF\CSharpPFCursus\CSharpPFCursus.csproj", "{294B8724-D0EC-437F-86FF-1E4CF2A9AB01}"
EndProject
Project("{FAE04EC0-301F-11D3-BF4B-00C04F79EFBC}") = "Brouwer", "CsharpFundamentals\CSharpPFOEfenmap\Brouwer\Brouwer.csproj", "{6D3B1A06-3FFA-4FA5-A6C7-A0C71DE38C2B}"
EndProject
Project("{FAE04EC0-301F-11D3-BF4B-00C04F79EFBC}") = "Bank", "CsharpFundamentals\CSharpPFOEfenmap\CSharpPFOEfenmap\Bank.csproj", "{D4A54896-D3D8-49E2-8B14-FA5E7D875E65}"
EndProject
Project("{FAE04EC0-301F-11D3-BF4B-00C04F79EFBC}") = "CsTaken", "CsharpFundamentals\CSharpPFOEfenmap\CsTaken\CsTaken.csproj", "{2A9D195E-4E53-4FF1-B8D5-1EF29CE39C97}"
EndProject
Project("{FAE04EC0-301F-11D3-BF4B-00C04F79EFBC}") = "Voertuigen", "CsharpFundamentals\CSharpPFOEfenmap\Voertuigen\Voertuigen.csproj", "{1E7FE1EA-8409-4709-9B5E-47178AEA8D5E}"
EndProject
Project("{FAE04EC0-301F-11D3-BF4B-00C04F79EFBC}") = "Bars", "wpf\Bars\Bars.csproj", "{777D4867-0A46-4231-AFBB-A3342A3E2638}"
EndProject
Project("{FAE04EC0-301F-11D3-BF4B-00C04F79EFBC}") = "BestelbonPizza", "wpf\BestelbonPizza\BestelbonPizza.csproj", "{AF397822-D96C-4CE0-AEBF-B3A131364BEF}"
EndProject
Project("{FAE04EC0-301F-11D3-BF4B-00C04F79EFBC}") = "BloemSamenstellen", "wpf\BloemSamenstellen\BloemSamenstellen.csproj", "{3B051E3D-90F7-467C-9414-AE7241135327}"
EndProject
Project("{FAE04EC0-301F-11D3-BF4B-00C04F79EFBC}") = "ButtonGebruik", "wpf\ButtonGebruik\ButtonGebruik.csproj", "{DA805D39-2673-4ABF-8D20-3FF1897DB954}"
EndProject
Project("{FAE04EC0-301F-11D3-BF4B-00C04F79EFBC}") = "DataBinding", "wpf\DataBinding\DataBinding.csproj", "{E3FB4149-6B99-45FF-868B-CD8A9DBB8F26}"
EndProject
Project("{FAE04EC0-301F-11D3-BF4B-00C04F79EFBC}") = "HobbyLijst", "wpf\HobbyLijst\HobbyLijst.csproj", "{9227FC9F-70DA-4C0A-BC63-FAC226A92C4A}"
EndProject
Project("{FAE04EC0-301F-11D3-BF4B-00C04F79EFBC}") = "KleurenKiezer", "wpf\KleurenKiezer\KleurenKiezer.csproj", "{71BEBAEB-232D-40A0-B0C0-9C4240E2BD95}"
EndProject
Project("{FAE04EC0-301F-11D3-BF4B-00C04F79EFBC}") = "MVVMVoorbeeld", "wpf\MVVMVoorbeeld\MVVMVoorbeeld.csproj", "{5AF92E56-07B1-4AA1-B9C2-1D5175E12C65}"
EndProject
Project("{FAE04EC0-301F-11D3-BF4B-00C04F79EFBC}") = "OpleidingenDragDrop", "wpf\OpleidingenDragDrop\OpleidingenDragDrop.csproj", "{1862EC41-F300-44BC-823F-8C69EC4A5B7A}"
EndProject
Project("{FAE04EC0-301F-11D3-BF4B-00C04F79EFBC}") = "ParkingBon", "wpf\ParkingBon\ParkingBon.csproj", "{D40DD93D-C6E4-4B0E-B9DB-932B1DE4E56C}"
EndProject
Project("{FAE04EC0-301F-11D3-BF4B-00C04F79EFBC}") = "RegenboogDragDrop", "wpf\RegenboogDragDrop\RegenboogDragDrop.csproj", "{10539F1A-2E84-446A-BEAE-83608AF3B76F}"
EndProject
Project("{FAE04EC0-301F-11D3-BF4B-00C04F79EFBC}") = "SchuifSpel", "wpf\SchuifSpel\SchuifSpel.csproj", "{534062B3-D1E3-4AED-A4B0-C0F5B4D025E0}"
EndProject
Project("{FAE04EC0-301F-11D3-BF4B-00C04F79EFBC}") = "TekstVerwerken", "wpf\TekstVerwerken\TekstVerwerken.csproj", "{92967CCF-0CDA-437F-9FAD-7FB5FD262654}"
EndProject
Project("{FAE04EC0-301F-11D3-BF4B-00C04F79EFBC}") = "Telefoon", "wpf\Telefoon\Telefoon.csproj", "{28C9D173-784F-4C00-B885-4EC96A5B5EAB}"
EndProject
Project("{FAE04EC0-301F-11D3-BF4B-00C04F79EFBC}") = "TypeScriptHTMLApp1", "wpf\TypeScriptHTMLApp1\TypeScriptHTMLApp1.csproj", "{6413CB38-7732-4C8D-8DF2-C0A5B720241C}"
EndProject
Project("{FAE04EC0-301F-11D3-BF4B-00C04F79EFBC}") = "Verkeerslicht", "wpf\Verkeerslicht\Verkeerslicht.csproj", "{F60FA44D-E285-43FF-BFED-F07C9DF8F9BF}"
EndProject
Project("{FAE04EC0-301F-11D3-BF4B-00C04F79EFBC}") = "WindowMetRibbonControl", "wpf\WindowMetRibbonControl\WindowMetRibbonControl.csproj", "{1A9BD43B-134B-47B0-85EE-5A5C3EB04C02}"
EndProject
Project("{FAE04EC0-301F-11D3-BF4B-00C04F79EFBC}") = "WpfCursus", "wpf\WpfCursus\WpfCursus.csproj", "{F343F67F-94CA-4599-ADEA-7782C81ACB66}"
EndProject
Project("{2150E333-8FDC-42A3-9474-1A3956D46DE8}") = "EindOefeningen", "EindOefeningen", "{8189F71C-6978-4EAF-9741-2F5C60E8C0C2}"
EndProject
Project("{FAE04EC0-301F-11D3-BF4B-00C04F79EFBC}") = "TravelNet", "EindOefeningen\CSharpFundamentals\TravelNet.csproj", "{0AF78E3C-BB37-4725-9D3F-D5EC23242701}"
EndProject
Project("{FAE04EC0-301F-11D3-BF4B-00C04F79EFBC}") = "WensKaart", "EindOefeningen\WPF\WensKaart.csproj", "{A229DD35-D248-41A4-AD6F-5FBACE40A46D}"
EndProject
Project("{E24C65DC-7377-472B-9ABA-BC803B73C61A}") = "DeGazet", "http://localhost:1834", "{D5446B1F-C7BA-4D06-963B-1443A849DE15}"
	ProjectSection(WebsiteProperties) = preProject
		UseIISExpress = "true"
		TargetFrameworkMoniker = ".NETFramework,Version%3Dv4.0"
		Debug.AspNetCompiler.VirtualPath = "/localhost_1834"
		Debug.AspNetCompiler.PhysicalPath = "html\DeGazet\"
		Debug.AspNetCompiler.TargetPath = "PrecompiledWeb\localhost_1834\"
		Debug.AspNetCompiler.Updateable = "true"
		Debug.AspNetCompiler.ForceOverwrite = "true"
		Debug.AspNetCompiler.FixedNames = "false"
		Debug.AspNetCompiler.Debug = "True"
		Release.AspNetCompiler.VirtualPath = "/localhost_1834"
		Release.AspNetCompiler.PhysicalPath = "html\DeGazet\"
		Release.AspNetCompiler.TargetPath = "PrecompiledWeb\localhost_1834\"
		Release.AspNetCompiler.Updateable = "true"
		Release.AspNetCompiler.ForceOverwrite = "true"
		Release.AspNetCompiler.FixedNames = "false"
		Release.AspNetCompiler.Debug = "False"
		SlnRelativePath = "html\DeGazet\"
	EndProjectSection
EndProject
Project("{E24C65DC-7377-472B-9ABA-BC803B73C61A}") = "Taken", "http://localhost:2737", "{CDE2956C-6854-463B-9FEB-1B079FD022AD}"
	ProjectSection(WebsiteProperties) = preProject
		UseIISExpress = "true"
		TargetFrameworkMoniker = ".NETFramework,Version%3Dv4.0"
		Debug.AspNetCompiler.VirtualPath = "/localhost_2737"
		Debug.AspNetCompiler.PhysicalPath = "html\Taken\"
		Debug.AspNetCompiler.TargetPath = "PrecompiledWeb\localhost_2737\"
		Debug.AspNetCompiler.Updateable = "true"
		Debug.AspNetCompiler.ForceOverwrite = "true"
		Debug.AspNetCompiler.FixedNames = "false"
		Debug.AspNetCompiler.Debug = "True"
		Release.AspNetCompiler.VirtualPath = "/localhost_2737"
		Release.AspNetCompiler.PhysicalPath = "html\Taken\"
		Release.AspNetCompiler.TargetPath = "PrecompiledWeb\localhost_2737\"
		Release.AspNetCompiler.Updateable = "true"
		Release.AspNetCompiler.ForceOverwrite = "true"
		Release.AspNetCompiler.FixedNames = "false"
		Release.AspNetCompiler.Debug = "False"
		SlnRelativePath = "html\Taken\"
	EndProjectSection
EndProject
Project("{FAE04EC0-301F-11D3-BF4B-00C04F79EFBC}") = "Videotheek", "EindOefeningen\ADO\Videotheek\Videotheek.csproj", "{B051F817-4C69-4DC9-B982-EED4E27B4D57}"
EndProject
Project("{FAE04EC0-301F-11D3-BF4B-00C04F79EFBC}") = "VideoGemeenschap", "EindOefeningen\ADO\VideoGemeenschap\VideoGemeenschap.csproj", "{F723B7D4-769D-441A-8F5D-0AA1DDF44953}"
EndProject
Project("{2150E333-8FDC-42A3-9474-1A3956D46DE8}") = "ADO.NET", "ADO.NET", "{E08CBD45-3632-499D-8C3A-6A2E44BB5E6F}"
EndProject
Project("{2150E333-8FDC-42A3-9474-1A3956D46DE8}") = "CSFun", "CSFun", "{5C06663A-B382-4929-95AA-01B8B94B7D59}"
EndProject
Project("{2150E333-8FDC-42A3-9474-1A3956D46DE8}") = "WPF", "WPF", "{1E41C9DC-E83D-4518-8A75-18959B0E4986}"
EndProject
Project("{E24C65DC-7377-472B-9ABA-BC803B73C61A}") = "JungleDevelopers(1)", "http://localhost:2290", "{DD5483DB-89C0-4491-9DAA-13FA554FB142}"
	ProjectSection(WebsiteProperties) = preProject
		UseIISExpress = "true"
		TargetFrameworkMoniker = ".NETFramework,Version%3Dv4.5.1"
		Debug.AspNetCompiler.VirtualPath = "/localhost_2290"
		Debug.AspNetCompiler.PhysicalPath = "EindOefeningen\HTML_CSS\JungleDevelopers\"
		Debug.AspNetCompiler.TargetPath = "PrecompiledWeb\localhost_2290\"
		Debug.AspNetCompiler.Updateable = "true"
		Debug.AspNetCompiler.ForceOverwrite = "true"
		Debug.AspNetCompiler.FixedNames = "false"
		Debug.AspNetCompiler.Debug = "True"
		Release.AspNetCompiler.VirtualPath = "/localhost_2290"
		Release.AspNetCompiler.PhysicalPath = "EindOefeningen\HTML_CSS\JungleDevelopers\"
		Release.AspNetCompiler.TargetPath = "PrecompiledWeb\localhost_2290\"
		Release.AspNetCompiler.Updateable = "true"
		Release.AspNetCompiler.ForceOverwrite = "true"
		Release.AspNetCompiler.FixedNames = "false"
		Release.AspNetCompiler.Debug = "False"
		SlnRelativePath = "EindOefeningen\HTML_CSS\JungleDevelopers\"
	EndProjectSection
EndProject
Project("{2150E333-8FDC-42A3-9474-1A3956D46DE8}") = "HTML-CSS", "HTML-CSS", "{4A2503DD-2010-4FA8-9A96-2CE56927C24C}"
EndProject
Project("{2150E333-8FDC-42A3-9474-1A3956D46DE8}") = "ADO.NET", "ADO.NET", "{4BF53C0A-62B4-439A-8EA3-C51F7FD40CB0}"
EndProject
Project("{FAE04EC0-301F-11D3-BF4B-00C04F79EFBC}") = "AdoGemeenschap", "ADONET\AdoCursus\AdoGemeenschap\AdoGemeenschap.csproj", "{40840EC7-5EDE-4910-B736-33580B3903BA}"
EndProject
Project("{FAE04EC0-301F-11D3-BF4B-00C04F79EFBC}") = "AdoWPF", "ADONET\AdoCursus\AdoWPF\AdoWPF.csproj", "{835CB022-C5F8-447C-A36B-42A996FBE582}"
EndProject
Project("{FAE04EC0-301F-11D3-BF4B-00C04F79EFBC}") = "AdoWPF2", "ADONET\AdoCursus\AdoWPF2\AdoWPF2.csproj", "{F0AD1AFB-4F27-4CA5-B33A-A9FEEBBC4C51}"
EndProject
Project("{FAE04EC0-301F-11D3-BF4B-00C04F79EFBC}") = "TuinCentrumGemeenschap", "ADONET\AdoCursus\O2Gemeenschap\TuinCentrumGemeenschap.csproj", "{84305EFE-267F-4F3A-8397-4AA6C387B2A7}"
EndProject
Project("{FAE04EC0-301F-11D3-BF4B-00C04F79EFBC}") = "WpfOpgave2", "ADONET\AdoCursus\WpfOpgave2\WpfOpgave2.csproj", "{56A82418-954B-472F-BBE9-7E2CB000EDE6}"
EndProject
Project("{FAE04EC0-301F-11D3-BF4B-00C04F79EFBC}") = "WpfTaken", "ADONET\AdoCursus\WpfOpgave3\WpfTaken.csproj", "{B0D0BA3A-36BE-4048-A91A-10EA16519E5A}"
EndProject
Project("{2150E333-8FDC-42A3-9474-1A3956D46DE8}") = "Cursus", "Cursus", "{F72310CE-3436-4F24-9AC4-B40D9C0159D6}"
EndProject
Project("{2150E333-8FDC-42A3-9474-1A3956D46DE8}") = "Opgaven", "Opgaven", "{93E2F086-9852-432C-8D2A-39B2D7C21898}"
EndProject
Project("{2150E333-8FDC-42A3-9474-1A3956D46DE8}") = "EntityFramework", "EntityFramework", "{C4E8069F-0AC9-41E5-9DBC-A507660F4682}"
EndProject
Project("{FAE04EC0-301F-11D3-BF4B-00C04F79EFBC}") = "EFCursus", "EntetyFramework\EFCursus\EFCursus.csproj", "{B8A60770-A965-4EFA-9C77-8A1B34DA973E}"
EndProject
Project("{FAE04EC0-301F-11D3-BF4B-00C04F79EFBC}") = "EFTaken", "EntetyFramework\EFTaken\EFTaken.csproj", "{FB293F83-6C21-41D5-A77B-6EED85A760F7}"
EndProject
Global
	GlobalSection(SolutionConfigurationPlatforms) = preSolution
		Debug|Any CPU = Debug|Any CPU
		Release|Any CPU = Release|Any CPU
	EndGlobalSection
	GlobalSection(ProjectConfigurationPlatforms) = postSolution
		{294B8724-D0EC-437F-86FF-1E4CF2A9AB01}.Debug|Any CPU.ActiveCfg = Debug|Any CPU
		{294B8724-D0EC-437F-86FF-1E4CF2A9AB01}.Debug|Any CPU.Build.0 = Debug|Any CPU
		{294B8724-D0EC-437F-86FF-1E4CF2A9AB01}.Release|Any CPU.ActiveCfg = Release|Any CPU
		{294B8724-D0EC-437F-86FF-1E4CF2A9AB01}.Release|Any CPU.Build.0 = Release|Any CPU
		{6D3B1A06-3FFA-4FA5-A6C7-A0C71DE38C2B}.Debug|Any CPU.ActiveCfg = Debug|Any CPU
		{6D3B1A06-3FFA-4FA5-A6C7-A0C71DE38C2B}.Debug|Any CPU.Build.0 = Debug|Any CPU
		{6D3B1A06-3FFA-4FA5-A6C7-A0C71DE38C2B}.Release|Any CPU.ActiveCfg = Release|Any CPU
		{6D3B1A06-3FFA-4FA5-A6C7-A0C71DE38C2B}.Release|Any CPU.Build.0 = Release|Any CPU
		{D4A54896-D3D8-49E2-8B14-FA5E7D875E65}.Debug|Any CPU.ActiveCfg = Debug|Any CPU
		{D4A54896-D3D8-49E2-8B14-FA5E7D875E65}.Debug|Any CPU.Build.0 = Debug|Any CPU
		{D4A54896-D3D8-49E2-8B14-FA5E7D875E65}.Release|Any CPU.ActiveCfg = Release|Any CPU
		{D4A54896-D3D8-49E2-8B14-FA5E7D875E65}.Release|Any CPU.Build.0 = Release|Any CPU
		{2A9D195E-4E53-4FF1-B8D5-1EF29CE39C97}.Debug|Any CPU.ActiveCfg = Debug|Any CPU
		{2A9D195E-4E53-4FF1-B8D5-1EF29CE39C97}.Debug|Any CPU.Build.0 = Debug|Any CPU
		{2A9D195E-4E53-4FF1-B8D5-1EF29CE39C97}.Release|Any CPU.ActiveCfg = Release|Any CPU
		{2A9D195E-4E53-4FF1-B8D5-1EF29CE39C97}.Release|Any CPU.Build.0 = Release|Any CPU
		{1E7FE1EA-8409-4709-9B5E-47178AEA8D5E}.Debug|Any CPU.ActiveCfg = Debug|Any CPU
		{1E7FE1EA-8409-4709-9B5E-47178AEA8D5E}.Debug|Any CPU.Build.0 = Debug|Any CPU
		{1E7FE1EA-8409-4709-9B5E-47178AEA8D5E}.Release|Any CPU.ActiveCfg = Release|Any CPU
		{1E7FE1EA-8409-4709-9B5E-47178AEA8D5E}.Release|Any CPU.Build.0 = Release|Any CPU
		{777D4867-0A46-4231-AFBB-A3342A3E2638}.Debug|Any CPU.ActiveCfg = Debug|Any CPU
		{777D4867-0A46-4231-AFBB-A3342A3E2638}.Debug|Any CPU.Build.0 = Debug|Any CPU
		{777D4867-0A46-4231-AFBB-A3342A3E2638}.Release|Any CPU.ActiveCfg = Release|Any CPU
		{777D4867-0A46-4231-AFBB-A3342A3E2638}.Release|Any CPU.Build.0 = Release|Any CPU
		{AF397822-D96C-4CE0-AEBF-B3A131364BEF}.Debug|Any CPU.ActiveCfg = Debug|Any CPU
		{AF397822-D96C-4CE0-AEBF-B3A131364BEF}.Debug|Any CPU.Build.0 = Debug|Any CPU
		{AF397822-D96C-4CE0-AEBF-B3A131364BEF}.Release|Any CPU.ActiveCfg = Release|Any CPU
		{AF397822-D96C-4CE0-AEBF-B3A131364BEF}.Release|Any CPU.Build.0 = Release|Any CPU
		{3B051E3D-90F7-467C-9414-AE7241135327}.Debug|Any CPU.ActiveCfg = Debug|Any CPU
		{3B051E3D-90F7-467C-9414-AE7241135327}.Debug|Any CPU.Build.0 = Debug|Any CPU
		{3B051E3D-90F7-467C-9414-AE7241135327}.Release|Any CPU.ActiveCfg = Release|Any CPU
		{3B051E3D-90F7-467C-9414-AE7241135327}.Release|Any CPU.Build.0 = Release|Any CPU
		{DA805D39-2673-4ABF-8D20-3FF1897DB954}.Debug|Any CPU.ActiveCfg = Debug|Any CPU
		{DA805D39-2673-4ABF-8D20-3FF1897DB954}.Debug|Any CPU.Build.0 = Debug|Any CPU
		{DA805D39-2673-4ABF-8D20-3FF1897DB954}.Release|Any CPU.ActiveCfg = Release|Any CPU
		{DA805D39-2673-4ABF-8D20-3FF1897DB954}.Release|Any CPU.Build.0 = Release|Any CPU
		{E3FB4149-6B99-45FF-868B-CD8A9DBB8F26}.Debug|Any CPU.ActiveCfg = Debug|Any CPU
		{E3FB4149-6B99-45FF-868B-CD8A9DBB8F26}.Debug|Any CPU.Build.0 = Debug|Any CPU
		{E3FB4149-6B99-45FF-868B-CD8A9DBB8F26}.Release|Any CPU.ActiveCfg = Release|Any CPU
		{E3FB4149-6B99-45FF-868B-CD8A9DBB8F26}.Release|Any CPU.Build.0 = Release|Any CPU
		{9227FC9F-70DA-4C0A-BC63-FAC226A92C4A}.Debug|Any CPU.ActiveCfg = Debug|Any CPU
		{9227FC9F-70DA-4C0A-BC63-FAC226A92C4A}.Debug|Any CPU.Build.0 = Debug|Any CPU
		{9227FC9F-70DA-4C0A-BC63-FAC226A92C4A}.Release|Any CPU.ActiveCfg = Release|Any CPU
		{9227FC9F-70DA-4C0A-BC63-FAC226A92C4A}.Release|Any CPU.Build.0 = Release|Any CPU
		{71BEBAEB-232D-40A0-B0C0-9C4240E2BD95}.Debug|Any CPU.ActiveCfg = Debug|Any CPU
		{71BEBAEB-232D-40A0-B0C0-9C4240E2BD95}.Debug|Any CPU.Build.0 = Debug|Any CPU
		{71BEBAEB-232D-40A0-B0C0-9C4240E2BD95}.Release|Any CPU.ActiveCfg = Release|Any CPU
		{71BEBAEB-232D-40A0-B0C0-9C4240E2BD95}.Release|Any CPU.Build.0 = Release|Any CPU
		{5AF92E56-07B1-4AA1-B9C2-1D5175E12C65}.Debug|Any CPU.ActiveCfg = Debug|Any CPU
		{5AF92E56-07B1-4AA1-B9C2-1D5175E12C65}.Debug|Any CPU.Build.0 = Debug|Any CPU
		{5AF92E56-07B1-4AA1-B9C2-1D5175E12C65}.Release|Any CPU.ActiveCfg = Release|Any CPU
		{5AF92E56-07B1-4AA1-B9C2-1D5175E12C65}.Release|Any CPU.Build.0 = Release|Any CPU
		{1862EC41-F300-44BC-823F-8C69EC4A5B7A}.Debug|Any CPU.ActiveCfg = Debug|Any CPU
		{1862EC41-F300-44BC-823F-8C69EC4A5B7A}.Debug|Any CPU.Build.0 = Debug|Any CPU
		{1862EC41-F300-44BC-823F-8C69EC4A5B7A}.Release|Any CPU.ActiveCfg = Release|Any CPU
		{1862EC41-F300-44BC-823F-8C69EC4A5B7A}.Release|Any CPU.Build.0 = Release|Any CPU
		{D40DD93D-C6E4-4B0E-B9DB-932B1DE4E56C}.Debug|Any CPU.ActiveCfg = Debug|Any CPU
		{D40DD93D-C6E4-4B0E-B9DB-932B1DE4E56C}.Debug|Any CPU.Build.0 = Debug|Any CPU
		{D40DD93D-C6E4-4B0E-B9DB-932B1DE4E56C}.Release|Any CPU.ActiveCfg = Release|Any CPU
		{D40DD93D-C6E4-4B0E-B9DB-932B1DE4E56C}.Release|Any CPU.Build.0 = Release|Any CPU
		{10539F1A-2E84-446A-BEAE-83608AF3B76F}.Debug|Any CPU.ActiveCfg = Debug|Any CPU
		{10539F1A-2E84-446A-BEAE-83608AF3B76F}.Debug|Any CPU.Build.0 = Debug|Any CPU
		{10539F1A-2E84-446A-BEAE-83608AF3B76F}.Release|Any CPU.ActiveCfg = Release|Any CPU
		{10539F1A-2E84-446A-BEAE-83608AF3B76F}.Release|Any CPU.Build.0 = Release|Any CPU
		{534062B3-D1E3-4AED-A4B0-C0F5B4D025E0}.Debug|Any CPU.ActiveCfg = Debug|Any CPU
		{534062B3-D1E3-4AED-A4B0-C0F5B4D025E0}.Debug|Any CPU.Build.0 = Debug|Any CPU
		{534062B3-D1E3-4AED-A4B0-C0F5B4D025E0}.Release|Any CPU.ActiveCfg = Release|Any CPU
		{534062B3-D1E3-4AED-A4B0-C0F5B4D025E0}.Release|Any CPU.Build.0 = Release|Any CPU
		{92967CCF-0CDA-437F-9FAD-7FB5FD262654}.Debug|Any CPU.ActiveCfg = Debug|Any CPU
		{92967CCF-0CDA-437F-9FAD-7FB5FD262654}.Debug|Any CPU.Build.0 = Debug|Any CPU
		{92967CCF-0CDA-437F-9FAD-7FB5FD262654}.Release|Any CPU.ActiveCfg = Release|Any CPU
		{92967CCF-0CDA-437F-9FAD-7FB5FD262654}.Release|Any CPU.Build.0 = Release|Any CPU
		{28C9D173-784F-4C00-B885-4EC96A5B5EAB}.Debug|Any CPU.ActiveCfg = Debug|Any CPU
		{28C9D173-784F-4C00-B885-4EC96A5B5EAB}.Debug|Any CPU.Build.0 = Debug|Any CPU
		{28C9D173-784F-4C00-B885-4EC96A5B5EAB}.Release|Any CPU.ActiveCfg = Release|Any CPU
		{28C9D173-784F-4C00-B885-4EC96A5B5EAB}.Release|Any CPU.Build.0 = Release|Any CPU
		{6413CB38-7732-4C8D-8DF2-C0A5B720241C}.Debug|Any CPU.ActiveCfg = Debug|Any CPU
		{6413CB38-7732-4C8D-8DF2-C0A5B720241C}.Debug|Any CPU.Build.0 = Debug|Any CPU
		{6413CB38-7732-4C8D-8DF2-C0A5B720241C}.Release|Any CPU.ActiveCfg = Release|Any CPU
		{6413CB38-7732-4C8D-8DF2-C0A5B720241C}.Release|Any CPU.Build.0 = Release|Any CPU
		{F60FA44D-E285-43FF-BFED-F07C9DF8F9BF}.Debug|Any CPU.ActiveCfg = Debug|Any CPU
		{F60FA44D-E285-43FF-BFED-F07C9DF8F9BF}.Debug|Any CPU.Build.0 = Debug|Any CPU
		{F60FA44D-E285-43FF-BFED-F07C9DF8F9BF}.Release|Any CPU.ActiveCfg = Release|Any CPU
		{F60FA44D-E285-43FF-BFED-F07C9DF8F9BF}.Release|Any CPU.Build.0 = Release|Any CPU
		{1A9BD43B-134B-47B0-85EE-5A5C3EB04C02}.Debug|Any CPU.ActiveCfg = Debug|Any CPU
		{1A9BD43B-134B-47B0-85EE-5A5C3EB04C02}.Debug|Any CPU.Build.0 = Debug|Any CPU
		{1A9BD43B-134B-47B0-85EE-5A5C3EB04C02}.Release|Any CPU.ActiveCfg = Release|Any CPU
		{1A9BD43B-134B-47B0-85EE-5A5C3EB04C02}.Release|Any CPU.Build.0 = Release|Any CPU
		{F343F67F-94CA-4599-ADEA-7782C81ACB66}.Debug|Any CPU.ActiveCfg = Debug|Any CPU
		{F343F67F-94CA-4599-ADEA-7782C81ACB66}.Debug|Any CPU.Build.0 = Debug|Any CPU
		{F343F67F-94CA-4599-ADEA-7782C81ACB66}.Release|Any CPU.ActiveCfg = Release|Any CPU
		{F343F67F-94CA-4599-ADEA-7782C81ACB66}.Release|Any CPU.Build.0 = Release|Any CPU
		{0AF78E3C-BB37-4725-9D3F-D5EC23242701}.Debug|Any CPU.ActiveCfg = Debug|Any CPU
		{0AF78E3C-BB37-4725-9D3F-D5EC23242701}.Debug|Any CPU.Build.0 = Debug|Any CPU
		{0AF78E3C-BB37-4725-9D3F-D5EC23242701}.Release|Any CPU.ActiveCfg = Release|Any CPU
		{0AF78E3C-BB37-4725-9D3F-D5EC23242701}.Release|Any CPU.Build.0 = Release|Any CPU
		{A229DD35-D248-41A4-AD6F-5FBACE40A46D}.Debug|Any CPU.ActiveCfg = Debug|Any CPU
		{A229DD35-D248-41A4-AD6F-5FBACE40A46D}.Debug|Any CPU.Build.0 = Debug|Any CPU
		{A229DD35-D248-41A4-AD6F-5FBACE40A46D}.Release|Any CPU.ActiveCfg = Release|Any CPU
		{A229DD35-D248-41A4-AD6F-5FBACE40A46D}.Release|Any CPU.Build.0 = Release|Any CPU
		{D5446B1F-C7BA-4D06-963B-1443A849DE15}.Debug|Any CPU.ActiveCfg = Debug|Any CPU
		{D5446B1F-C7BA-4D06-963B-1443A849DE15}.Debug|Any CPU.Build.0 = Debug|Any CPU
		{D5446B1F-C7BA-4D06-963B-1443A849DE15}.Release|Any CPU.ActiveCfg = Debug|Any CPU
		{D5446B1F-C7BA-4D06-963B-1443A849DE15}.Release|Any CPU.Build.0 = Debug|Any CPU
		{CDE2956C-6854-463B-9FEB-1B079FD022AD}.Debug|Any CPU.ActiveCfg = Debug|Any CPU
		{CDE2956C-6854-463B-9FEB-1B079FD022AD}.Debug|Any CPU.Build.0 = Debug|Any CPU
		{CDE2956C-6854-463B-9FEB-1B079FD022AD}.Release|Any CPU.ActiveCfg = Debug|Any CPU
		{CDE2956C-6854-463B-9FEB-1B079FD022AD}.Release|Any CPU.Build.0 = Debug|Any CPU
		{B051F817-4C69-4DC9-B982-EED4E27B4D57}.Debug|Any CPU.ActiveCfg = Debug|Any CPU
		{B051F817-4C69-4DC9-B982-EED4E27B4D57}.Debug|Any CPU.Build.0 = Debug|Any CPU
		{B051F817-4C69-4DC9-B982-EED4E27B4D57}.Release|Any CPU.ActiveCfg = Release|Any CPU
		{B051F817-4C69-4DC9-B982-EED4E27B4D57}.Release|Any CPU.Build.0 = Release|Any CPU
		{F723B7D4-769D-441A-8F5D-0AA1DDF44953}.Debug|Any CPU.ActiveCfg = Debug|Any CPU
		{F723B7D4-769D-441A-8F5D-0AA1DDF44953}.Debug|Any CPU.Build.0 = Debug|Any CPU
		{F723B7D4-769D-441A-8F5D-0AA1DDF44953}.Release|Any CPU.ActiveCfg = Release|Any CPU
		{F723B7D4-769D-441A-8F5D-0AA1DDF44953}.Release|Any CPU.Build.0 = Release|Any CPU
		{DD5483DB-89C0-4491-9DAA-13FA554FB142}.Debug|Any CPU.ActiveCfg = Debug|Any CPU
		{DD5483DB-89C0-4491-9DAA-13FA554FB142}.Debug|Any CPU.Build.0 = Debug|Any CPU
		{DD5483DB-89C0-4491-9DAA-13FA554FB142}.Release|Any CPU.ActiveCfg = Debug|Any CPU
		{DD5483DB-89C0-4491-9DAA-13FA554FB142}.Release|Any CPU.Build.0 = Debug|Any CPU
		{40840EC7-5EDE-4910-B736-33580B3903BA}.Debug|Any CPU.ActiveCfg = Debug|Any CPU
		{40840EC7-5EDE-4910-B736-33580B3903BA}.Debug|Any CPU.Build.0 = Debug|Any CPU
		{40840EC7-5EDE-4910-B736-33580B3903BA}.Release|Any CPU.ActiveCfg = Release|Any CPU
		{40840EC7-5EDE-4910-B736-33580B3903BA}.Release|Any CPU.Build.0 = Release|Any CPU
		{835CB022-C5F8-447C-A36B-42A996FBE582}.Debug|Any CPU.ActiveCfg = Debug|Any CPU
		{835CB022-C5F8-447C-A36B-42A996FBE582}.Debug|Any CPU.Build.0 = Debug|Any CPU
		{835CB022-C5F8-447C-A36B-42A996FBE582}.Release|Any CPU.ActiveCfg = Release|Any CPU
		{835CB022-C5F8-447C-A36B-42A996FBE582}.Release|Any CPU.Build.0 = Release|Any CPU
		{F0AD1AFB-4F27-4CA5-B33A-A9FEEBBC4C51}.Debug|Any CPU.ActiveCfg = Debug|Any CPU
		{F0AD1AFB-4F27-4CA5-B33A-A9FEEBBC4C51}.Debug|Any CPU.Build.0 = Debug|Any CPU
		{F0AD1AFB-4F27-4CA5-B33A-A9FEEBBC4C51}.Release|Any CPU.ActiveCfg = Release|Any CPU
		{F0AD1AFB-4F27-4CA5-B33A-A9FEEBBC4C51}.Release|Any CPU.Build.0 = Release|Any CPU
		{84305EFE-267F-4F3A-8397-4AA6C387B2A7}.Debug|Any CPU.ActiveCfg = Debug|Any CPU
		{84305EFE-267F-4F3A-8397-4AA6C387B2A7}.Debug|Any CPU.Build.0 = Debug|Any CPU
		{84305EFE-267F-4F3A-8397-4AA6C387B2A7}.Release|Any CPU.ActiveCfg = Release|Any CPU
		{84305EFE-267F-4F3A-8397-4AA6C387B2A7}.Release|Any CPU.Build.0 = Release|Any CPU
		{56A82418-954B-472F-BBE9-7E2CB000EDE6}.Debug|Any CPU.ActiveCfg = Debug|Any CPU
		{56A82418-954B-472F-BBE9-7E2CB000EDE6}.Debug|Any CPU.Build.0 = Debug|Any CPU
		{56A82418-954B-472F-BBE9-7E2CB000EDE6}.Release|Any CPU.ActiveCfg = Release|Any CPU
		{56A82418-954B-472F-BBE9-7E2CB000EDE6}.Release|Any CPU.Build.0 = Release|Any CPU
		{B0D0BA3A-36BE-4048-A91A-10EA16519E5A}.Debug|Any CPU.ActiveCfg = Debug|Any CPU
		{B0D0BA3A-36BE-4048-A91A-10EA16519E5A}.Debug|Any CPU.Build.0 = Debug|Any CPU
		{B0D0BA3A-36BE-4048-A91A-10EA16519E5A}.Release|Any CPU.ActiveCfg = Release|Any CPU
		{B0D0BA3A-36BE-4048-A91A-10EA16519E5A}.Release|Any CPU.Build.0 = Release|Any CPU
		{B8A60770-A965-4EFA-9C77-8A1B34DA973E}.Debug|Any CPU.ActiveCfg = Debug|Any CPU
		{B8A60770-A965-4EFA-9C77-8A1B34DA973E}.Debug|Any CPU.Build.0 = Debug|Any CPU
		{B8A60770-A965-4EFA-9C77-8A1B34DA973E}.Release|Any CPU.ActiveCfg = Release|Any CPU
		{B8A60770-A965-4EFA-9C77-8A1B34DA973E}.Release|Any CPU.Build.0 = Release|Any CPU
		{FB293F83-6C21-41D5-A77B-6EED85A760F7}.Debug|Any CPU.ActiveCfg = Debug|Any CPU
		{FB293F83-6C21-41D5-A77B-6EED85A760F7}.Debug|Any CPU.Build.0 = Debug|Any CPU
		{FB293F83-6C21-41D5-A77B-6EED85A760F7}.Release|Any CPU.ActiveCfg = Release|Any CPU
		{FB293F83-6C21-41D5-A77B-6EED85A760F7}.Release|Any CPU.Build.0 = Release|Any CPU
	EndGlobalSection
	GlobalSection(SolutionProperties) = preSolution
		HideSolutionNode = FALSE
	EndGlobalSection
	GlobalSection(NestedProjects) = preSolution
		{294B8724-D0EC-437F-86FF-1E4CF2A9AB01} = {44A0AA5A-6047-48E5-9F38-E28EAEFB166D}
		{6D3B1A06-3FFA-4FA5-A6C7-A0C71DE38C2B} = {44A0AA5A-6047-48E5-9F38-E28EAEFB166D}
		{D4A54896-D3D8-49E2-8B14-FA5E7D875E65} = {44A0AA5A-6047-48E5-9F38-E28EAEFB166D}
		{2A9D195E-4E53-4FF1-B8D5-1EF29CE39C97} = {44A0AA5A-6047-48E5-9F38-E28EAEFB166D}
		{1E7FE1EA-8409-4709-9B5E-47178AEA8D5E} = {44A0AA5A-6047-48E5-9F38-E28EAEFB166D}
		{777D4867-0A46-4231-AFBB-A3342A3E2638} = {57062071-00FF-4D68-9C69-374394A6D3FB}
		{AF397822-D96C-4CE0-AEBF-B3A131364BEF} = {57062071-00FF-4D68-9C69-374394A6D3FB}
		{3B051E3D-90F7-467C-9414-AE7241135327} = {57062071-00FF-4D68-9C69-374394A6D3FB}
		{DA805D39-2673-4ABF-8D20-3FF1897DB954} = {57062071-00FF-4D68-9C69-374394A6D3FB}
		{E3FB4149-6B99-45FF-868B-CD8A9DBB8F26} = {57062071-00FF-4D68-9C69-374394A6D3FB}
		{9227FC9F-70DA-4C0A-BC63-FAC226A92C4A} = {57062071-00FF-4D68-9C69-374394A6D3FB}
		{71BEBAEB-232D-40A0-B0C0-9C4240E2BD95} = {57062071-00FF-4D68-9C69-374394A6D3FB}
		{5AF92E56-07B1-4AA1-B9C2-1D5175E12C65} = {57062071-00FF-4D68-9C69-374394A6D3FB}
		{1862EC41-F300-44BC-823F-8C69EC4A5B7A} = {57062071-00FF-4D68-9C69-374394A6D3FB}
		{D40DD93D-C6E4-4B0E-B9DB-932B1DE4E56C} = {57062071-00FF-4D68-9C69-374394A6D3FB}
		{10539F1A-2E84-446A-BEAE-83608AF3B76F} = {57062071-00FF-4D68-9C69-374394A6D3FB}
		{534062B3-D1E3-4AED-A4B0-C0F5B4D025E0} = {57062071-00FF-4D68-9C69-374394A6D3FB}
		{92967CCF-0CDA-437F-9FAD-7FB5FD262654} = {57062071-00FF-4D68-9C69-374394A6D3FB}
		{28C9D173-784F-4C00-B885-4EC96A5B5EAB} = {57062071-00FF-4D68-9C69-374394A6D3FB}
		{6413CB38-7732-4C8D-8DF2-C0A5B720241C} = {57062071-00FF-4D68-9C69-374394A6D3FB}
		{F60FA44D-E285-43FF-BFED-F07C9DF8F9BF} = {57062071-00FF-4D68-9C69-374394A6D3FB}
		{1A9BD43B-134B-47B0-85EE-5A5C3EB04C02} = {57062071-00FF-4D68-9C69-374394A6D3FB}
		{F343F67F-94CA-4599-ADEA-7782C81ACB66} = {57062071-00FF-4D68-9C69-374394A6D3FB}
		{0AF78E3C-BB37-4725-9D3F-D5EC23242701} = {5C06663A-B382-4929-95AA-01B8B94B7D59}
		{A229DD35-D248-41A4-AD6F-5FBACE40A46D} = {1E41C9DC-E83D-4518-8A75-18959B0E4986}
		{D5446B1F-C7BA-4D06-963B-1443A849DE15} = {55859595-1506-4DF4-BA4E-CD474F213DB8}
		{CDE2956C-6854-463B-9FEB-1B079FD022AD} = {55859595-1506-4DF4-BA4E-CD474F213DB8}
		{B051F817-4C69-4DC9-B982-EED4E27B4D57} = {E08CBD45-3632-499D-8C3A-6A2E44BB5E6F}
		{F723B7D4-769D-441A-8F5D-0AA1DDF44953} = {E08CBD45-3632-499D-8C3A-6A2E44BB5E6F}
		{E08CBD45-3632-499D-8C3A-6A2E44BB5E6F} = {8189F71C-6978-4EAF-9741-2F5C60E8C0C2}
		{5C06663A-B382-4929-95AA-01B8B94B7D59} = {8189F71C-6978-4EAF-9741-2F5C60E8C0C2}
		{1E41C9DC-E83D-4518-8A75-18959B0E4986} = {8189F71C-6978-4EAF-9741-2F5C60E8C0C2}
		{DD5483DB-89C0-4491-9DAA-13FA554FB142} = {4A2503DD-2010-4FA8-9A96-2CE56927C24C}
		{4A2503DD-2010-4FA8-9A96-2CE56927C24C} = {8189F71C-6978-4EAF-9741-2F5C60E8C0C2}
		{40840EC7-5EDE-4910-B736-33580B3903BA} = {F72310CE-3436-4F24-9AC4-B40D9C0159D6}
		{835CB022-C5F8-447C-A36B-42A996FBE582} = {F72310CE-3436-4F24-9AC4-B40D9C0159D6}
		{F0AD1AFB-4F27-4CA5-B33A-A9FEEBBC4C51} = {F72310CE-3436-4F24-9AC4-B40D9C0159D6}
		{84305EFE-267F-4F3A-8397-4AA6C387B2A7} = {93E2F086-9852-432C-8D2A-39B2D7C21898}
		{56A82418-954B-472F-BBE9-7E2CB000EDE6} = {93E2F086-9852-432C-8D2A-39B2D7C21898}
		{B0D0BA3A-36BE-4048-A91A-10EA16519E5A} = {93E2F086-9852-432C-8D2A-39B2D7C21898}
		{F72310CE-3436-4F24-9AC4-B40D9C0159D6} = {4BF53C0A-62B4-439A-8EA3-C51F7FD40CB0}
		{93E2F086-9852-432C-8D2A-39B2D7C21898} = {4BF53C0A-62B4-439A-8EA3-C51F7FD40CB0}
		{B8A60770-A965-4EFA-9C77-8A1B34DA973E} = {C4E8069F-0AC9-41E5-9DBC-A507660F4682}
		{FB293F83-6C21-41D5-A77B-6EED85A760F7} = {C4E8069F-0AC9-41E5-9DBC-A507660F4682}
	EndGlobalSection
EndGlobal
