
Microsoft Visual Studio Solution File, Format Version 12.00
# Visual Studio 2013
VisualStudioVersion = 12.0.31101.0
MinimumVisualStudioVersion = 10.0.40219.1
Project("{2150E333-8FDC-42A3-9474-1A3956D46DE8}") = "WPF", "WPF", "{57062071-00FF-4D68-9C69-374394A6D3FB}"
EndProject
Project("{2150E333-8FDC-42A3-9474-1A3956D46DE8}") = "HTML-CSS", "HTML-CSS", "{55859595-1506-4DF4-BA4E-CD474F213DB8}"
EndProject
Project("{FAE04EC0-301F-11D3-BF4B-00C04F79EFBC}") = "TypeScriptHTMLApp1", "TypeScriptHTMLApp1\TypeScriptHTMLApp1.csproj", "{67D895BA-5C56-4330-8631-B5B2BB31490D}"
EndProject
Project("{2150E333-8FDC-42A3-9474-1A3956D46DE8}") = "CSharpFundamentals", "CSharpFundamentals", "{44A0AA5A-6047-48E5-9F38-E28EAEFB166D}"
EndProject
Project("{FAE04EC0-301F-11D3-BF4B-00C04F79EFBC}") = "CSharpPFCursus", "CsharpFundamentals\CSharpPF\CSharpPFCursus\CSharpPFCursus.csproj", "{294B8724-D0EC-437F-86FF-1E4CF2A9AB01}"
EndProject
Project("{FAE04EC0-301F-11D3-BF4B-00C04F79EFBC}") = "Brouwer", "CsharpFundamentals\CSharpPFOEfenmap\Brouwer\Brouwer.csproj", "{6D3B1A06-3FFA-4FA5-A6C7-A0C71DE38C2B}"
EndProject
Project("{FAE04EC0-301F-11D3-BF4B-00C04F79EFBC}") = "Bank", "CsharpFundamentals\CSharpPFOEfenmap\CSharpPFOEfenmap\Bank.csproj", "{D4A54896-D3D8-49E2-8B14-FA5E7D875E65}"
EndProject
Project("{FAE04EC0-301F-11D3-BF4B-00C04F79EFBC}") = "CsTaken", "CsharpFundamentals\CSharpPFOEfenmap\CsTaken\CsTaken.csproj", "{2A9D195E-4E53-4FF1-B8D5-1EF29CE39C97}"
EndProject
Project("{FAE04EC0-301F-11D3-BF4B-00C04F79EFBC}") = "Voertuigen", "CsharpFundamentals\CSharpPFOEfenmap\Voertuigen\Voertuigen.csproj", "{1E7FE1EA-8409-4709-9B5E-47178AEA8D5E}"
EndProject
Project("{FAE04EC0-301F-11D3-BF4B-00C04F79EFBC}") = "Bars", "wpf\Bars\Bars.csproj", "{777D4867-0A46-4231-AFBB-A3342A3E2638}"
EndProject
Project("{FAE04EC0-301F-11D3-BF4B-00C04F79EFBC}") = "BestelbonPizza", "wpf\BestelbonPizza\BestelbonPizza.csproj", "{AF397822-D96C-4CE0-AEBF-B3A131364BEF}"
EndProject
Project("{FAE04EC0-301F-11D3-BF4B-00C04F79EFBC}") = "BloemSamenstellen", "wpf\BloemSamenstellen\BloemSamenstellen.csproj", "{3B051E3D-90F7-467C-9414-AE7241135327}"
EndProject
Project("{FAE04EC0-301F-11D3-BF4B-00C04F79EFBC}") = "ButtonGebruik", "wpf\ButtonGebruik\ButtonGebruik.csproj", "{DA805D39-2673-4ABF-8D20-3FF1897DB954}"
EndProject
Project("{FAE04EC0-301F-11D3-BF4B-00C04F79EFBC}") = "DataBinding", "wpf\DataBinding\DataBinding.csproj", "{E3FB4149-6B99-45FF-868B-CD8A9DBB8F26}"
EndProject
Project("{FAE04EC0-301F-11D3-BF4B-00C04F79EFBC}") = "HobbyLijst", "wpf\HobbyLijst\HobbyLijst.csproj", "{9227FC9F-70DA-4C0A-BC63-FAC226A92C4A}"
EndProject
Project("{FAE04EC0-301F-11D3-BF4B-00C04F79EFBC}") = "KleurenKiezer", "wpf\KleurenKiezer\KleurenKiezer.csproj", "{71BEBAEB-232D-40A0-B0C0-9C4240E2BD95}"
EndProject
Project("{FAE04EC0-301F-11D3-BF4B-00C04F79EFBC}") = "MVVMVoorbeeld", "wpf\MVVMVoorbeeld\MVVMVoorbeeld.csproj", "{5AF92E56-07B1-4AA1-B9C2-1D5175E12C65}"
EndProject
Project("{FAE04EC0-301F-11D3-BF4B-00C04F79EFBC}") = "OpleidingenDragDrop", "wpf\OpleidingenDragDrop\OpleidingenDragDrop.csproj", "{1862EC41-F300-44BC-823F-8C69EC4A5B7A}"
EndProject
Project("{FAE04EC0-301F-11D3-BF4B-00C04F79EFBC}") = "ParkingBon", "wpf\ParkingBon\ParkingBon.csproj", "{D40DD93D-C6E4-4B0E-B9DB-932B1DE4E56C}"
EndProject
Project("{FAE04EC0-301F-11D3-BF4B-00C04F79EFBC}") = "RegenboogDragDrop", "wpf\RegenboogDragDrop\RegenboogDragDrop.csproj", "{10539F1A-2E84-446A-BEAE-83608AF3B76F}"
EndProject
Project("{FAE04EC0-301F-11D3-BF4B-00C04F79EFBC}") = "SchuifSpel", "wpf\SchuifSpel\SchuifSpel.csproj", "{534062B3-D1E3-4AED-A4B0-C0F5B4D025E0}"
EndProject
Project("{FAE04EC0-301F-11D3-BF4B-00C04F79EFBC}") = "TekstVerwerken", "wpf\TekstVerwerken\TekstVerwerken.csproj", "{92967CCF-0CDA-437F-9FAD-7FB5FD262654}"
EndProject
Project("{FAE04EC0-301F-11D3-BF4B-00C04F79EFBC}") = "Telefoon", "wpf\Telefoon\Telefoon.csproj", "{28C9D173-784F-4C00-B885-4EC96A5B5EAB}"
EndProject
Project("{FAE04EC0-301F-11D3-BF4B-00C04F79EFBC}") = "TypeScriptHTMLApp1", "wpf\TypeScriptHTMLApp1\TypeScriptHTMLApp1.csproj", "{6413CB38-7732-4C8D-8DF2-C0A5B720241C}"
EndProject
Project("{FAE04EC0-301F-11D3-BF4B-00C04F79EFBC}") = "Verkeerslicht", "wpf\Verkeerslicht\Verkeerslicht.csproj", "{F60FA44D-E285-43FF-BFED-F07C9DF8F9BF}"
EndProject
Project("{FAE04EC0-301F-11D3-BF4B-00C04F79EFBC}") = "WindowMetRibbonControl", "wpf\WindowMetRibbonControl\WindowMetRibbonControl.csproj", "{1A9BD43B-134B-47B0-85EE-5A5C3EB04C02}"
EndProject
Project("{FAE04EC0-301F-11D3-BF4B-00C04F79EFBC}") = "WpfCursus", "wpf\WpfCursus\WpfCursus.csproj", "{F343F67F-94CA-4599-ADEA-7782C81ACB66}"
EndProject
Project("{2150E333-8FDC-42A3-9474-1A3956D46DE8}") = "EindOefeningen", "EindOefeningen", "{8189F71C-6978-4EAF-9741-2F5C60E8C0C2}"
EndProject
Project("{FAE04EC0-301F-11D3-BF4B-00C04F79EFBC}") = "TravelNet", "EindOefeningen\CSharpFundamentals\TravelNet.csproj", "{0AF78E3C-BB37-4725-9D3F-D5EC23242701}"
EndProject
Project("{FAE04EC0-301F-11D3-BF4B-00C04F79EFBC}") = "WensKaart", "EindOefeningen\WPF\WensKaart.csproj", "{A229DD35-D248-41A4-AD6F-5FBACE40A46D}"
EndProject
Global
	GlobalSection(SolutionConfigurationPlatforms) = preSolution
		Debug|Any CPU = Debug|Any CPU
		Release|Any CPU = Release|Any CPU
	EndGlobalSection
	GlobalSection(ProjectConfigurationPlatforms) = postSolution
		{67D895BA-5C56-4330-8631-B5B2BB31490D}.Debug|Any CPU.ActiveCfg = Debug|Any CPU
		{67D895BA-5C56-4330-8631-B5B2BB31490D}.Debug|Any CPU.Build.0 = Debug|Any CPU
		{67D895BA-5C56-4330-8631-B5B2BB31490D}.Release|Any CPU.ActiveCfg = Release|Any CPU
		{67D895BA-5C56-4330-8631-B5B2BB31490D}.Release|Any CPU.Build.0 = Release|Any CPU
		{294B8724-D0EC-437F-86FF-1E4CF2A9AB01}.Debug|Any CPU.ActiveCfg = Debug|Any CPU
		{294B8724-D0EC-437F-86FF-1E4CF2A9AB01}.Debug|Any CPU.Build.0 = Debug|Any CPU
		{294B8724-D0EC-437F-86FF-1E4CF2A9AB01}.Release|Any CPU.ActiveCfg = Release|Any CPU
		{294B8724-D0EC-437F-86FF-1E4CF2A9AB01}.Release|Any CPU.Build.0 = Release|Any CPU
		{6D3B1A06-3FFA-4FA5-A6C7-A0C71DE38C2B}.Debug|Any CPU.ActiveCfg = Debug|Any CPU
		{6D3B1A06-3FFA-4FA5-A6C7-A0C71DE38C2B}.Debug|Any CPU.Build.0 = Debug|Any CPU
		{6D3B1A06-3FFA-4FA5-A6C7-A0C71DE38C2B}.Release|Any CPU.ActiveCfg = Release|Any CPU
		{6D3B1A06-3FFA-4FA5-A6C7-A0C71DE38C2B}.Release|Any CPU.Build.0 = Release|Any CPU
		{D4A54896-D3D8-49E2-8B14-FA5E7D875E65}.Debug|Any CPU.ActiveCfg = Debug|Any CPU
		{D4A54896-D3D8-49E2-8B14-FA5E7D875E65}.Debug|Any CPU.Build.0 = Debug|Any CPU
		{D4A54896-D3D8-49E2-8B14-FA5E7D875E65}.Release|Any CPU.ActiveCfg = Release|Any CPU
		{D4A54896-D3D8-49E2-8B14-FA5E7D875E65}.Release|Any CPU.Build.0 = Release|Any CPU
		{2A9D195E-4E53-4FF1-B8D5-1EF29CE39C97}.Debug|Any CPU.ActiveCfg = Debug|Any CPU
		{2A9D195E-4E53-4FF1-B8D5-1EF29CE39C97}.Debug|Any CPU.Build.0 = Debug|Any CPU
		{2A9D195E-4E53-4FF1-B8D5-1EF29CE39C97}.Release|Any CPU.ActiveCfg = Release|Any CPU
		{2A9D195E-4E53-4FF1-B8D5-1EF29CE39C97}.Release|Any CPU.Build.0 = Release|Any CPU
		{1E7FE1EA-8409-4709-9B5E-47178AEA8D5E}.Debug|Any CPU.ActiveCfg = Debug|Any CPU
		{1E7FE1EA-8409-4709-9B5E-47178AEA8D5E}.Debug|Any CPU.Build.0 = Debug|Any CPU
		{1E7FE1EA-8409-4709-9B5E-47178AEA8D5E}.Release|Any CPU.ActiveCfg = Release|Any CPU
		{1E7FE1EA-8409-4709-9B5E-47178AEA8D5E}.Release|Any CPU.Build.0 = Release|Any CPU
		{777D4867-0A46-4231-AFBB-A3342A3E2638}.Debug|Any CPU.ActiveCfg = Debug|Any CPU
		{777D4867-0A46-4231-AFBB-A3342A3E2638}.Debug|Any CPU.Build.0 = Debug|Any CPU
		{777D4867-0A46-4231-AFBB-A3342A3E2638}.Release|Any CPU.ActiveCfg = Release|Any CPU
		{777D4867-0A46-4231-AFBB-A3342A3E2638}.Release|Any CPU.Build.0 = Release|Any CPU
		{AF397822-D96C-4CE0-AEBF-B3A131364BEF}.Debug|Any CPU.ActiveCfg = Debug|Any CPU
		{AF397822-D96C-4CE0-AEBF-B3A131364BEF}.Debug|Any CPU.Build.0 = Debug|Any CPU
		{AF397822-D96C-4CE0-AEBF-B3A131364BEF}.Release|Any CPU.ActiveCfg = Release|Any CPU
		{AF397822-D96C-4CE0-AEBF-B3A131364BEF}.Release|Any CPU.Build.0 = Release|Any CPU
		{3B051E3D-90F7-467C-9414-AE7241135327}.Debug|Any CPU.ActiveCfg = Debug|Any CPU
		{3B051E3D-90F7-467C-9414-AE7241135327}.Debug|Any CPU.Build.0 = Debug|Any CPU
		{3B051E3D-90F7-467C-9414-AE7241135327}.Release|Any CPU.ActiveCfg = Release|Any CPU
		{3B051E3D-90F7-467C-9414-AE7241135327}.Release|Any CPU.Build.0 = Release|Any CPU
		{DA805D39-2673-4ABF-8D20-3FF1897DB954}.Debug|Any CPU.ActiveCfg = Debug|Any CPU
		{DA805D39-2673-4ABF-8D20-3FF1897DB954}.Debug|Any CPU.Build.0 = Debug|Any CPU
		{DA805D39-2673-4ABF-8D20-3FF1897DB954}.Release|Any CPU.ActiveCfg = Release|Any CPU
		{DA805D39-2673-4ABF-8D20-3FF1897DB954}.Release|Any CPU.Build.0 = Release|Any CPU
		{E3FB4149-6B99-45FF-868B-CD8A9DBB8F26}.Debug|Any CPU.ActiveCfg = Debug|Any CPU
		{E3FB4149-6B99-45FF-868B-CD8A9DBB8F26}.Debug|Any CPU.Build.0 = Debug|Any CPU
		{E3FB4149-6B99-45FF-868B-CD8A9DBB8F26}.Release|Any CPU.ActiveCfg = Release|Any CPU
		{E3FB4149-6B99-45FF-868B-CD8A9DBB8F26}.Release|Any CPU.Build.0 = Release|Any CPU
		{9227FC9F-70DA-4C0A-BC63-FAC226A92C4A}.Debug|Any CPU.ActiveCfg = Debug|Any CPU
		{9227FC9F-70DA-4C0A-BC63-FAC226A92C4A}.Debug|Any CPU.Build.0 = Debug|Any CPU
		{9227FC9F-70DA-4C0A-BC63-FAC226A92C4A}.Release|Any CPU.ActiveCfg = Release|Any CPU
		{9227FC9F-70DA-4C0A-BC63-FAC226A92C4A}.Release|Any CPU.Build.0 = Release|Any CPU
		{71BEBAEB-232D-40A0-B0C0-9C4240E2BD95}.Debug|Any CPU.ActiveCfg = Debug|Any CPU
		{71BEBAEB-232D-40A0-B0C0-9C4240E2BD95}.Debug|Any CPU.Build.0 = Debug|Any CPU
		{71BEBAEB-232D-40A0-B0C0-9C4240E2BD95}.Release|Any CPU.ActiveCfg = Release|Any CPU
		{71BEBAEB-232D-40A0-B0C0-9C4240E2BD95}.Release|Any CPU.Build.0 = Release|Any CPU
		{5AF92E56-07B1-4AA1-B9C2-1D5175E12C65}.Debug|Any CPU.ActiveCfg = Debug|Any CPU
		{5AF92E56-07B1-4AA1-B9C2-1D5175E12C65}.Debug|Any CPU.Build.0 = Debug|Any CPU
		{5AF92E56-07B1-4AA1-B9C2-1D5175E12C65}.Release|Any CPU.ActiveCfg = Release|Any CPU
		{5AF92E56-07B1-4AA1-B9C2-1D5175E12C65}.Release|Any CPU.Build.0 = Release|Any CPU
		{1862EC41-F300-44BC-823F-8C69EC4A5B7A}.Debug|Any CPU.ActiveCfg = Debug|Any CPU
		{1862EC41-F300-44BC-823F-8C69EC4A5B7A}.Debug|Any CPU.Build.0 = Debug|Any CPU
		{1862EC41-F300-44BC-823F-8C69EC4A5B7A}.Release|Any CPU.ActiveCfg = Release|Any CPU
		{1862EC41-F300-44BC-823F-8C69EC4A5B7A}.Release|Any CPU.Build.0 = Release|Any CPU
		{D40DD93D-C6E4-4B0E-B9DB-932B1DE4E56C}.Debug|Any CPU.ActiveCfg = Debug|Any CPU
		{D40DD93D-C6E4-4B0E-B9DB-932B1DE4E56C}.Debug|Any CPU.Build.0 = Debug|Any CPU
		{D40DD93D-C6E4-4B0E-B9DB-932B1DE4E56C}.Release|Any CPU.ActiveCfg = Release|Any CPU
		{D40DD93D-C6E4-4B0E-B9DB-932B1DE4E56C}.Release|Any CPU.Build.0 = Release|Any CPU
		{10539F1A-2E84-446A-BEAE-83608AF3B76F}.Debug|Any CPU.ActiveCfg = Debug|Any CPU
		{10539F1A-2E84-446A-BEAE-83608AF3B76F}.Debug|Any CPU.Build.0 = Debug|Any CPU
		{10539F1A-2E84-446A-BEAE-83608AF3B76F}.Release|Any CPU.ActiveCfg = Release|Any CPU
		{10539F1A-2E84-446A-BEAE-83608AF3B76F}.Release|Any CPU.Build.0 = Release|Any CPU
		{534062B3-D1E3-4AED-A4B0-C0F5B4D025E0}.Debug|Any CPU.ActiveCfg = Debug|Any CPU
		{534062B3-D1E3-4AED-A4B0-C0F5B4D025E0}.Debug|Any CPU.Build.0 = Debug|Any CPU
		{534062B3-D1E3-4AED-A4B0-C0F5B4D025E0}.Release|Any CPU.ActiveCfg = Release|Any CPU
		{534062B3-D1E3-4AED-A4B0-C0F5B4D025E0}.Release|Any CPU.Build.0 = Release|Any CPU
		{92967CCF-0CDA-437F-9FAD-7FB5FD262654}.Debug|Any CPU.ActiveCfg = Debug|Any CPU
		{92967CCF-0CDA-437F-9FAD-7FB5FD262654}.Debug|Any CPU.Build.0 = Debug|Any CPU
		{92967CCF-0CDA-437F-9FAD-7FB5FD262654}.Release|Any CPU.ActiveCfg = Release|Any CPU
		{92967CCF-0CDA-437F-9FAD-7FB5FD262654}.Release|Any CPU.Build.0 = Release|Any CPU
		{28C9D173-784F-4C00-B885-4EC96A5B5EAB}.Debug|Any CPU.ActiveCfg = Debug|Any CPU
		{28C9D173-784F-4C00-B885-4EC96A5B5EAB}.Debug|Any CPU.Build.0 = Debug|Any CPU
		{28C9D173-784F-4C00-B885-4EC96A5B5EAB}.Release|Any CPU.ActiveCfg = Release|Any CPU
		{28C9D173-784F-4C00-B885-4EC96A5B5EAB}.Release|Any CPU.Build.0 = Release|Any CPU
		{6413CB38-7732-4C8D-8DF2-C0A5B720241C}.Debug|Any CPU.ActiveCfg = Debug|Any CPU
		{6413CB38-7732-4C8D-8DF2-C0A5B720241C}.Debug|Any CPU.Build.0 = Debug|Any CPU
		{6413CB38-7732-4C8D-8DF2-C0A5B720241C}.Release|Any CPU.ActiveCfg = Release|Any CPU
		{6413CB38-7732-4C8D-8DF2-C0A5B720241C}.Release|Any CPU.Build.0 = Release|Any CPU
		{F60FA44D-E285-43FF-BFED-F07C9DF8F9BF}.Debug|Any CPU.ActiveCfg = Debug|Any CPU
		{F60FA44D-E285-43FF-BFED-F07C9DF8F9BF}.Debug|Any CPU.Build.0 = Debug|Any CPU
		{F60FA44D-E285-43FF-BFED-F07C9DF8F9BF}.Release|Any CPU.ActiveCfg = Release|Any CPU
		{F60FA44D-E285-43FF-BFED-F07C9DF8F9BF}.Release|Any CPU.Build.0 = Release|Any CPU
		{1A9BD43B-134B-47B0-85EE-5A5C3EB04C02}.Debug|Any CPU.ActiveCfg = Debug|Any CPU
		{1A9BD43B-134B-47B0-85EE-5A5C3EB04C02}.Debug|Any CPU.Build.0 = Debug|Any CPU
		{1A9BD43B-134B-47B0-85EE-5A5C3EB04C02}.Release|Any CPU.ActiveCfg = Release|Any CPU
		{1A9BD43B-134B-47B0-85EE-5A5C3EB04C02}.Release|Any CPU.Build.0 = Release|Any CPU
		{F343F67F-94CA-4599-ADEA-7782C81ACB66}.Debug|Any CPU.ActiveCfg = Debug|Any CPU
		{F343F67F-94CA-4599-ADEA-7782C81ACB66}.Debug|Any CPU.Build.0 = Debug|Any CPU
		{F343F67F-94CA-4599-ADEA-7782C81ACB66}.Release|Any CPU.ActiveCfg = Release|Any CPU
		{F343F67F-94CA-4599-ADEA-7782C81ACB66}.Release|Any CPU.Build.0 = Release|Any CPU
		{0AF78E3C-BB37-4725-9D3F-D5EC23242701}.Debug|Any CPU.ActiveCfg = Debug|Any CPU
		{0AF78E3C-BB37-4725-9D3F-D5EC23242701}.Debug|Any CPU.Build.0 = Debug|Any CPU
		{0AF78E3C-BB37-4725-9D3F-D5EC23242701}.Release|Any CPU.ActiveCfg = Release|Any CPU
		{0AF78E3C-BB37-4725-9D3F-D5EC23242701}.Release|Any CPU.Build.0 = Release|Any CPU
		{A229DD35-D248-41A4-AD6F-5FBACE40A46D}.Debug|Any CPU.ActiveCfg = Debug|Any CPU
		{A229DD35-D248-41A4-AD6F-5FBACE40A46D}.Debug|Any CPU.Build.0 = Debug|Any CPU
		{A229DD35-D248-41A4-AD6F-5FBACE40A46D}.Release|Any CPU.ActiveCfg = Release|Any CPU
		{A229DD35-D248-41A4-AD6F-5FBACE40A46D}.Release|Any CPU.Build.0 = Release|Any CPU
	EndGlobalSection
	GlobalSection(SolutionProperties) = preSolution
		HideSolutionNode = FALSE
	EndGlobalSection
	GlobalSection(NestedProjects) = preSolution
		{67D895BA-5C56-4330-8631-B5B2BB31490D} = {55859595-1506-4DF4-BA4E-CD474F213DB8}
		{294B8724-D0EC-437F-86FF-1E4CF2A9AB01} = {44A0AA5A-6047-48E5-9F38-E28EAEFB166D}
		{6D3B1A06-3FFA-4FA5-A6C7-A0C71DE38C2B} = {44A0AA5A-6047-48E5-9F38-E28EAEFB166D}
		{D4A54896-D3D8-49E2-8B14-FA5E7D875E65} = {44A0AA5A-6047-48E5-9F38-E28EAEFB166D}
		{2A9D195E-4E53-4FF1-B8D5-1EF29CE39C97} = {44A0AA5A-6047-48E5-9F38-E28EAEFB166D}
		{1E7FE1EA-8409-4709-9B5E-47178AEA8D5E} = {44A0AA5A-6047-48E5-9F38-E28EAEFB166D}
		{777D4867-0A46-4231-AFBB-A3342A3E2638} = {57062071-00FF-4D68-9C69-374394A6D3FB}
		{AF397822-D96C-4CE0-AEBF-B3A131364BEF} = {57062071-00FF-4D68-9C69-374394A6D3FB}
		{3B051E3D-90F7-467C-9414-AE7241135327} = {57062071-00FF-4D68-9C69-374394A6D3FB}
		{DA805D39-2673-4ABF-8D20-3FF1897DB954} = {57062071-00FF-4D68-9C69-374394A6D3FB}
		{E3FB4149-6B99-45FF-868B-CD8A9DBB8F26} = {57062071-00FF-4D68-9C69-374394A6D3FB}
		{9227FC9F-70DA-4C0A-BC63-FAC226A92C4A} = {57062071-00FF-4D68-9C69-374394A6D3FB}
		{71BEBAEB-232D-40A0-B0C0-9C4240E2BD95} = {57062071-00FF-4D68-9C69-374394A6D3FB}
		{5AF92E56-07B1-4AA1-B9C2-1D5175E12C65} = {57062071-00FF-4D68-9C69-374394A6D3FB}
		{1862EC41-F300-44BC-823F-8C69EC4A5B7A} = {57062071-00FF-4D68-9C69-374394A6D3FB}
		{D40DD93D-C6E4-4B0E-B9DB-932B1DE4E56C} = {57062071-00FF-4D68-9C69-374394A6D3FB}
		{10539F1A-2E84-446A-BEAE-83608AF3B76F} = {57062071-00FF-4D68-9C69-374394A6D3FB}
		{534062B3-D1E3-4AED-A4B0-C0F5B4D025E0} = {57062071-00FF-4D68-9C69-374394A6D3FB}
		{92967CCF-0CDA-437F-9FAD-7FB5FD262654} = {57062071-00FF-4D68-9C69-374394A6D3FB}
		{28C9D173-784F-4C00-B885-4EC96A5B5EAB} = {57062071-00FF-4D68-9C69-374394A6D3FB}
		{6413CB38-7732-4C8D-8DF2-C0A5B720241C} = {57062071-00FF-4D68-9C69-374394A6D3FB}
		{F60FA44D-E285-43FF-BFED-F07C9DF8F9BF} = {57062071-00FF-4D68-9C69-374394A6D3FB}
		{1A9BD43B-134B-47B0-85EE-5A5C3EB04C02} = {57062071-00FF-4D68-9C69-374394A6D3FB}
		{F343F67F-94CA-4599-ADEA-7782C81ACB66} = {57062071-00FF-4D68-9C69-374394A6D3FB}
		{0AF78E3C-BB37-4725-9D3F-D5EC23242701} = {8189F71C-6978-4EAF-9741-2F5C60E8C0C2}
		{A229DD35-D248-41A4-AD6F-5FBACE40A46D} = {8189F71C-6978-4EAF-9741-2F5C60E8C0C2}
	EndGlobalSection
EndGlobal
