
Microsoft Visual Studio Solution File, Format Version 12.00
# Visual Studio 2013
VisualStudioVersion = 12.0.31101.0
MinimumVisualStudioVersion = 10.0.40219.1
Project("{2150E333-8FDC-42A3-9474-1A3956D46DE8}") = "TestDrivenDevelopment", "TestDrivenDevelopment", "{89E49066-2139-46E0-A633-175E2745FE79}"
EndProject
Project("{FAE04EC0-301F-11D3-BF4B-00C04F79EFBC}") = "TDDCursusLibrary", "TDD\TDDCursusLibrary\TDDCursusLibrary.csproj", "{01DA1CCD-ACE0-4E8E-AD11-0B98EB2D1AF4}"
EndProject
Project("{FAE04EC0-301F-11D3-BF4B-00C04F79EFBC}") = "TDDCursusLibraryTest", "TDD\TDDCursusLibraryTest\TDDCursusLibraryTest.csproj", "{80CBA025-E597-4F04-9C98-7F80D91D8974}"
EndProject
Project("{2150E333-8FDC-42A3-9474-1A3956D46DE8}") = "TDDTest", "TDDTest", "{AE40CFDC-BD77-4876-8B58-5A0B86A09558}"
EndProject
Project("{FAE04EC0-301F-11D3-BF4B-00C04F79EFBC}") = "TestDrivenOpdracht", "EindOefeningen\TestDrivenDevelopment\TestDrivenOpdracht\TestDrivenOpdracht.csproj", "{1943BE73-F84A-46BB-A332-D1C745F369D7}"
EndProject
Project("{FAE04EC0-301F-11D3-BF4B-00C04F79EFBC}") = "UnitTestProject1", "EindOefeningen\TestDrivenDevelopment\UnitTestProject1\UnitTestProject1.csproj", "{9F7DFDAE-2E14-4613-A1A6-F5FCA20354B5}"
EndProject
Global
	GlobalSection(SolutionConfigurationPlatforms) = preSolution
		Debug|Any CPU = Debug|Any CPU
		Release|Any CPU = Release|Any CPU
	EndGlobalSection
	GlobalSection(ProjectConfigurationPlatforms) = postSolution
		{01DA1CCD-ACE0-4E8E-AD11-0B98EB2D1AF4}.Debug|Any CPU.ActiveCfg = Debug|Any CPU
		{01DA1CCD-ACE0-4E8E-AD11-0B98EB2D1AF4}.Debug|Any CPU.Build.0 = Debug|Any CPU
		{01DA1CCD-ACE0-4E8E-AD11-0B98EB2D1AF4}.Release|Any CPU.ActiveCfg = Release|Any CPU
		{01DA1CCD-ACE0-4E8E-AD11-0B98EB2D1AF4}.Release|Any CPU.Build.0 = Release|Any CPU
		{80CBA025-E597-4F04-9C98-7F80D91D8974}.Debug|Any CPU.ActiveCfg = Debug|Any CPU
		{80CBA025-E597-4F04-9C98-7F80D91D8974}.Debug|Any CPU.Build.0 = Debug|Any CPU
		{80CBA025-E597-4F04-9C98-7F80D91D8974}.Release|Any CPU.ActiveCfg = Release|Any CPU
		{80CBA025-E597-4F04-9C98-7F80D91D8974}.Release|Any CPU.Build.0 = Release|Any CPU
		{1943BE73-F84A-46BB-A332-D1C745F369D7}.Debug|Any CPU.ActiveCfg = Debug|Any CPU
		{1943BE73-F84A-46BB-A332-D1C745F369D7}.Debug|Any CPU.Build.0 = Debug|Any CPU
		{1943BE73-F84A-46BB-A332-D1C745F369D7}.Release|Any CPU.ActiveCfg = Release|Any CPU
		{1943BE73-F84A-46BB-A332-D1C745F369D7}.Release|Any CPU.Build.0 = Release|Any CPU
		{9F7DFDAE-2E14-4613-A1A6-F5FCA20354B5}.Debug|Any CPU.ActiveCfg = Debug|Any CPU
		{9F7DFDAE-2E14-4613-A1A6-F5FCA20354B5}.Debug|Any CPU.Build.0 = Debug|Any CPU
		{9F7DFDAE-2E14-4613-A1A6-F5FCA20354B5}.Release|Any CPU.ActiveCfg = Release|Any CPU
		{9F7DFDAE-2E14-4613-A1A6-F5FCA20354B5}.Release|Any CPU.Build.0 = Release|Any CPU
	EndGlobalSection
	GlobalSection(SolutionProperties) = preSolution
		HideSolutionNode = FALSE
	EndGlobalSection
	GlobalSection(NestedProjects) = preSolution
		{01DA1CCD-ACE0-4E8E-AD11-0B98EB2D1AF4} = {89E49066-2139-46E0-A633-175E2745FE79}
		{80CBA025-E597-4F04-9C98-7F80D91D8974} = {89E49066-2139-46E0-A633-175E2745FE79}
		{1943BE73-F84A-46BB-A332-D1C745F369D7} = {AE40CFDC-BD77-4876-8B58-5A0B86A09558}
		{9F7DFDAE-2E14-4613-A1A6-F5FCA20354B5} = {AE40CFDC-BD77-4876-8B58-5A0B86A09558}
	EndGlobalSection
EndGlobal
