
Microsoft Visual Studio Solution File, Format Version 12.00
# Visual Studio 2013
VisualStudioVersion = 12.0.31101.0
MinimumVisualStudioVersion = 10.0.40219.1
Project("{FAE04EC0-301F-11D3-BF4B-00C04F79EFBC}") = "WpfCursus", "WpfCursus\WpfCursus.csproj", "{F343F67F-94CA-4599-ADEA-7782C81ACB66}"
EndProject
Project("{FAE04EC0-301F-11D3-BF4B-00C04F79EFBC}") = "Verkeerslicht", "Verkeerslicht\Verkeerslicht.csproj", "{F60FA44D-E285-43FF-BFED-F07C9DF8F9BF}"
EndProject
Project("{FAE04EC0-301F-11D3-BF4B-00C04F79EFBC}") = "TekstVerwerken", "TekstVerwerken\TekstVerwerken.csproj", "{92967CCF-0CDA-437F-9FAD-7FB5FD262654}"
EndProject
Project("{FAE04EC0-301F-11D3-BF4B-00C04F79EFBC}") = "ButtonGebruik", "ButtonGebruik\ButtonGebruik.csproj", "{DA805D39-2673-4ABF-8D20-3FF1897DB954}"
EndProject
Project("{FAE04EC0-301F-11D3-BF4B-00C04F79EFBC}") = "BestelbonPizza", "BestelbonPizza\BestelbonPizza.csproj", "{AF397822-D96C-4CE0-AEBF-B3A131364BEF}"
EndProject
Global
	GlobalSection(SolutionConfigurationPlatforms) = preSolution
		Debug|Any CPU = Debug|Any CPU
		Release|Any CPU = Release|Any CPU
	EndGlobalSection
	GlobalSection(ProjectConfigurationPlatforms) = postSolution
		{F343F67F-94CA-4599-ADEA-7782C81ACB66}.Debug|Any CPU.ActiveCfg = Debug|Any CPU
		{F343F67F-94CA-4599-ADEA-7782C81ACB66}.Debug|Any CPU.Build.0 = Debug|Any CPU
		{F343F67F-94CA-4599-ADEA-7782C81ACB66}.Release|Any CPU.ActiveCfg = Release|Any CPU
		{F343F67F-94CA-4599-ADEA-7782C81ACB66}.Release|Any CPU.Build.0 = Release|Any CPU
		{F60FA44D-E285-43FF-BFED-F07C9DF8F9BF}.Debug|Any CPU.ActiveCfg = Debug|Any CPU
		{F60FA44D-E285-43FF-BFED-F07C9DF8F9BF}.Debug|Any CPU.Build.0 = Debug|Any CPU
		{F60FA44D-E285-43FF-BFED-F07C9DF8F9BF}.Release|Any CPU.ActiveCfg = Release|Any CPU
		{F60FA44D-E285-43FF-BFED-F07C9DF8F9BF}.Release|Any CPU.Build.0 = Release|Any CPU
		{92967CCF-0CDA-437F-9FAD-7FB5FD262654}.Debug|Any CPU.ActiveCfg = Debug|Any CPU
		{92967CCF-0CDA-437F-9FAD-7FB5FD262654}.Debug|Any CPU.Build.0 = Debug|Any CPU
		{92967CCF-0CDA-437F-9FAD-7FB5FD262654}.Release|Any CPU.ActiveCfg = Release|Any CPU
		{92967CCF-0CDA-437F-9FAD-7FB5FD262654}.Release|Any CPU.Build.0 = Release|Any CPU
		{DA805D39-2673-4ABF-8D20-3FF1897DB954}.Debug|Any CPU.ActiveCfg = Debug|Any CPU
		{DA805D39-2673-4ABF-8D20-3FF1897DB954}.Debug|Any CPU.Build.0 = Debug|Any CPU
		{DA805D39-2673-4ABF-8D20-3FF1897DB954}.Release|Any CPU.ActiveCfg = Release|Any CPU
		{DA805D39-2673-4ABF-8D20-3FF1897DB954}.Release|Any CPU.Build.0 = Release|Any CPU
		{AF397822-D96C-4CE0-AEBF-B3A131364BEF}.Debug|Any CPU.ActiveCfg = Debug|Any CPU
		{AF397822-D96C-4CE0-AEBF-B3A131364BEF}.Debug|Any CPU.Build.0 = Debug|Any CPU
		{AF397822-D96C-4CE0-AEBF-B3A131364BEF}.Release|Any CPU.ActiveCfg = Release|Any CPU
		{AF397822-D96C-4CE0-AEBF-B3A131364BEF}.Release|Any CPU.Build.0 = Release|Any CPU
	EndGlobalSection
	GlobalSection(SolutionProperties) = preSolution
		HideSolutionNode = FALSE
	EndGlobalSection
EndGlobal
