
Microsoft Visual Studio Solution File, Format Version 12.00
# Visual Studio 2013
VisualStudioVersion = 12.0.31101.0
MinimumVisualStudioVersion = 10.0.40219.1
Project("{FAE04EC0-301F-11D3-BF4B-00C04F79EFBC}") = "WpfCursus", "WpfCursus\WpfCursus.csproj", "{F343F67F-94CA-4599-ADEA-7782C81ACB66}"
EndProject
Project("{FAE04EC0-301F-11D3-BF4B-00C04F79EFBC}") = "Verkeerslicht", "Verkeerslicht\Verkeerslicht.csproj", "{F60FA44D-E285-43FF-BFED-F07C9DF8F9BF}"
EndProject
Project("{FAE04EC0-301F-11D3-BF4B-00C04F79EFBC}") = "TekstVerwerken", "TekstVerwerken\TekstVerwerken.csproj", "{92967CCF-0CDA-437F-9FAD-7FB5FD262654}"
EndProject
Project("{FAE04EC0-301F-11D3-BF4B-00C04F79EFBC}") = "ButtonGebruik", "ButtonGebruik\ButtonGebruik.csproj", "{DA805D39-2673-4ABF-8D20-3FF1897DB954}"
EndProject
Project("{FAE04EC0-301F-11D3-BF4B-00C04F79EFBC}") = "BestelbonPizza", "BestelbonPizza\BestelbonPizza.csproj", "{AF397822-D96C-4CE0-AEBF-B3A131364BEF}"
EndProject
Project("{FAE04EC0-301F-11D3-BF4B-00C04F79EFBC}") = "HobbyLijst", "HobbyLijst\HobbyLijst.csproj", "{9227FC9F-70DA-4C0A-BC63-FAC226A92C4A}"
EndProject
Project("{FAE04EC0-301F-11D3-BF4B-00C04F79EFBC}") = "Telefoon", "Telefoon\Telefoon.csproj", "{28C9D173-784F-4C00-B885-4EC96A5B5EAB}"
EndProject
Project("{FAE04EC0-301F-11D3-BF4B-00C04F79EFBC}") = "Bars", "Bars\Bars.csproj", "{777D4867-0A46-4231-AFBB-A3342A3E2638}"
EndProject
Project("{FAE04EC0-301F-11D3-BF4B-00C04F79EFBC}") = "ParkingBon", "ParkingBon\ParkingBon.csproj", "{D40DD93D-C6E4-4B0E-B9DB-932B1DE4E56C}"
EndProject
Project("{FAE04EC0-301F-11D3-BF4B-00C04F79EFBC}") = "KleurenKiezer", "KleurenKiezer\KleurenKiezer.csproj", "{71BEBAEB-232D-40A0-B0C0-9C4240E2BD95}"
EndProject
Project("{FAE04EC0-301F-11D3-BF4B-00C04F79EFBC}") = "DataBinding", "DataBinding\DataBinding.csproj", "{E3FB4149-6B99-45FF-868B-CD8A9DBB8F26}"
EndProject
Project("{FAE04EC0-301F-11D3-BF4B-00C04F79EFBC}") = "BloemSamenstellen", "BloemSamenstellen\BloemSamenstellen.csproj", "{3B051E3D-90F7-467C-9414-AE7241135327}"
EndProject
Project("{FAE04EC0-301F-11D3-BF4B-00C04F79EFBC}") = "RegenboogDragDrop", "RegenboogDragDrop\RegenboogDragDrop.csproj", "{10539F1A-2E84-446A-BEAE-83608AF3B76F}"
EndProject
Project("{FAE04EC0-301F-11D3-BF4B-00C04F79EFBC}") = "OpleidingenDragDrop", "OpleidingenDragDrop\OpleidingenDragDrop.csproj", "{1862EC41-F300-44BC-823F-8C69EC4A5B7A}"
EndProject
Global
	GlobalSection(SolutionConfigurationPlatforms) = preSolution
		Debug|Any CPU = Debug|Any CPU
		Release|Any CPU = Release|Any CPU
	EndGlobalSection
	GlobalSection(ProjectConfigurationPlatforms) = postSolution
		{F343F67F-94CA-4599-ADEA-7782C81ACB66}.Debug|Any CPU.ActiveCfg = Debug|Any CPU
		{F343F67F-94CA-4599-ADEA-7782C81ACB66}.Debug|Any CPU.Build.0 = Debug|Any CPU
		{F343F67F-94CA-4599-ADEA-7782C81ACB66}.Release|Any CPU.ActiveCfg = Release|Any CPU
		{F343F67F-94CA-4599-ADEA-7782C81ACB66}.Release|Any CPU.Build.0 = Release|Any CPU
		{F60FA44D-E285-43FF-BFED-F07C9DF8F9BF}.Debug|Any CPU.ActiveCfg = Debug|Any CPU
		{F60FA44D-E285-43FF-BFED-F07C9DF8F9BF}.Debug|Any CPU.Build.0 = Debug|Any CPU
		{F60FA44D-E285-43FF-BFED-F07C9DF8F9BF}.Release|Any CPU.ActiveCfg = Release|Any CPU
		{F60FA44D-E285-43FF-BFED-F07C9DF8F9BF}.Release|Any CPU.Build.0 = Release|Any CPU
		{92967CCF-0CDA-437F-9FAD-7FB5FD262654}.Debug|Any CPU.ActiveCfg = Debug|Any CPU
		{92967CCF-0CDA-437F-9FAD-7FB5FD262654}.Debug|Any CPU.Build.0 = Debug|Any CPU
		{92967CCF-0CDA-437F-9FAD-7FB5FD262654}.Release|Any CPU.ActiveCfg = Release|Any CPU
		{92967CCF-0CDA-437F-9FAD-7FB5FD262654}.Release|Any CPU.Build.0 = Release|Any CPU
		{DA805D39-2673-4ABF-8D20-3FF1897DB954}.Debug|Any CPU.ActiveCfg = Debug|Any CPU
		{DA805D39-2673-4ABF-8D20-3FF1897DB954}.Debug|Any CPU.Build.0 = Debug|Any CPU
		{DA805D39-2673-4ABF-8D20-3FF1897DB954}.Release|Any CPU.ActiveCfg = Release|Any CPU
		{DA805D39-2673-4ABF-8D20-3FF1897DB954}.Release|Any CPU.Build.0 = Release|Any CPU
		{AF397822-D96C-4CE0-AEBF-B3A131364BEF}.Debug|Any CPU.ActiveCfg = Debug|Any CPU
		{AF397822-D96C-4CE0-AEBF-B3A131364BEF}.Debug|Any CPU.Build.0 = Debug|Any CPU
		{AF397822-D96C-4CE0-AEBF-B3A131364BEF}.Release|Any CPU.ActiveCfg = Release|Any CPU
		{AF397822-D96C-4CE0-AEBF-B3A131364BEF}.Release|Any CPU.Build.0 = Release|Any CPU
		{9227FC9F-70DA-4C0A-BC63-FAC226A92C4A}.Debug|Any CPU.ActiveCfg = Debug|Any CPU
		{9227FC9F-70DA-4C0A-BC63-FAC226A92C4A}.Debug|Any CPU.Build.0 = Debug|Any CPU
		{9227FC9F-70DA-4C0A-BC63-FAC226A92C4A}.Release|Any CPU.ActiveCfg = Release|Any CPU
		{9227FC9F-70DA-4C0A-BC63-FAC226A92C4A}.Release|Any CPU.Build.0 = Release|Any CPU
		{28C9D173-784F-4C00-B885-4EC96A5B5EAB}.Debug|Any CPU.ActiveCfg = Debug|Any CPU
		{28C9D173-784F-4C00-B885-4EC96A5B5EAB}.Debug|Any CPU.Build.0 = Debug|Any CPU
		{28C9D173-784F-4C00-B885-4EC96A5B5EAB}.Release|Any CPU.ActiveCfg = Release|Any CPU
		{28C9D173-784F-4C00-B885-4EC96A5B5EAB}.Release|Any CPU.Build.0 = Release|Any CPU
		{777D4867-0A46-4231-AFBB-A3342A3E2638}.Debug|Any CPU.ActiveCfg = Debug|Any CPU
		{777D4867-0A46-4231-AFBB-A3342A3E2638}.Debug|Any CPU.Build.0 = Debug|Any CPU
		{777D4867-0A46-4231-AFBB-A3342A3E2638}.Release|Any CPU.ActiveCfg = Release|Any CPU
		{777D4867-0A46-4231-AFBB-A3342A3E2638}.Release|Any CPU.Build.0 = Release|Any CPU
		{D40DD93D-C6E4-4B0E-B9DB-932B1DE4E56C}.Debug|Any CPU.ActiveCfg = Debug|Any CPU
		{D40DD93D-C6E4-4B0E-B9DB-932B1DE4E56C}.Debug|Any CPU.Build.0 = Debug|Any CPU
		{D40DD93D-C6E4-4B0E-B9DB-932B1DE4E56C}.Release|Any CPU.ActiveCfg = Release|Any CPU
		{D40DD93D-C6E4-4B0E-B9DB-932B1DE4E56C}.Release|Any CPU.Build.0 = Release|Any CPU
		{71BEBAEB-232D-40A0-B0C0-9C4240E2BD95}.Debug|Any CPU.ActiveCfg = Debug|Any CPU
		{71BEBAEB-232D-40A0-B0C0-9C4240E2BD95}.Debug|Any CPU.Build.0 = Debug|Any CPU
		{71BEBAEB-232D-40A0-B0C0-9C4240E2BD95}.Release|Any CPU.ActiveCfg = Release|Any CPU
		{71BEBAEB-232D-40A0-B0C0-9C4240E2BD95}.Release|Any CPU.Build.0 = Release|Any CPU
		{E3FB4149-6B99-45FF-868B-CD8A9DBB8F26}.Debug|Any CPU.ActiveCfg = Debug|Any CPU
		{E3FB4149-6B99-45FF-868B-CD8A9DBB8F26}.Debug|Any CPU.Build.0 = Debug|Any CPU
		{E3FB4149-6B99-45FF-868B-CD8A9DBB8F26}.Release|Any CPU.ActiveCfg = Release|Any CPU
		{E3FB4149-6B99-45FF-868B-CD8A9DBB8F26}.Release|Any CPU.Build.0 = Release|Any CPU
		{3B051E3D-90F7-467C-9414-AE7241135327}.Debug|Any CPU.ActiveCfg = Debug|Any CPU
		{3B051E3D-90F7-467C-9414-AE7241135327}.Debug|Any CPU.Build.0 = Debug|Any CPU
		{3B051E3D-90F7-467C-9414-AE7241135327}.Release|Any CPU.ActiveCfg = Release|Any CPU
		{3B051E3D-90F7-467C-9414-AE7241135327}.Release|Any CPU.Build.0 = Release|Any CPU
		{10539F1A-2E84-446A-BEAE-83608AF3B76F}.Debug|Any CPU.ActiveCfg = Debug|Any CPU
		{10539F1A-2E84-446A-BEAE-83608AF3B76F}.Debug|Any CPU.Build.0 = Debug|Any CPU
		{10539F1A-2E84-446A-BEAE-83608AF3B76F}.Release|Any CPU.ActiveCfg = Release|Any CPU
		{10539F1A-2E84-446A-BEAE-83608AF3B76F}.Release|Any CPU.Build.0 = Release|Any CPU
		{1862EC41-F300-44BC-823F-8C69EC4A5B7A}.Debug|Any CPU.ActiveCfg = Debug|Any CPU
		{1862EC41-F300-44BC-823F-8C69EC4A5B7A}.Debug|Any CPU.Build.0 = Debug|Any CPU
		{1862EC41-F300-44BC-823F-8C69EC4A5B7A}.Release|Any CPU.ActiveCfg = Release|Any CPU
		{1862EC41-F300-44BC-823F-8C69EC4A5B7A}.Release|Any CPU.Build.0 = Release|Any CPU
	EndGlobalSection
	GlobalSection(SolutionProperties) = preSolution
		HideSolutionNode = FALSE
	EndGlobalSection
EndGlobal
